// !$*UTF8*$!
{
	archiveVersion = 1;
	classes = {
	};
	objectVersion = 56;
	objects = {

/* Begin PBXBuildFile section */
		AE15B1AF2C7FC73F0011694A /* Restart_AppApp.swift in Sources */ = {isa = PBXBuildFile; fileRef = AE15B1AE2C7FC73F0011694A /* Restart_AppApp.swift */; };
		AE15B1B12C7FC73F0011694A /* ContentView.swift in Sources */ = {isa = PBXBuildFile; fileRef = AE15B1B02C7FC73F0011694A /* ContentView.swift */; };
		AE15B1B32C7FC7400011694A /* Assets.xcassets in Resources */ = {isa = PBXBuildFile; fileRef = AE15B1B22C7FC7400011694A /* Assets.xcassets */; };
		AE15B1B62C7FC7400011694A /* Preview Assets.xcassets in Resources */ = {isa = PBXBuildFile; fileRef = AE15B1B52C7FC7400011694A /* Preview Assets.xcassets */; };
		AE15B1C82C7FC8A30011694A /* chimeup.mp3 in Resources */ = {isa = PBXBuildFile; fileRef = AE15B1C62C7FC8860011694A /* chimeup.mp3 */; };
		AE15B1C92C7FC8A30011694A /* success.m4a in Resources */ = {isa = PBXBuildFile; fileRef = AE15B1C72C7FC8860011694A /* success.m4a */; };
		AE15B1CF2C7FCB820011694A /* OnboardingView.swift in Sources */ = {isa = PBXBuildFile; fileRef = AE15B1CE2C7FCB820011694A /* OnboardingView.swift */; };
		AE15B1D12C7FCC3A0011694A /* HomeView.swift in Sources */ = {isa = PBXBuildFile; fileRef = AE15B1D02C7FCC3A0011694A /* HomeView.swift */; };
		AE15B1D32C7FD8DC0011694A /* CircleGroupView.swift in Sources */ = {isa = PBXBuildFile; fileRef = AE15B1D22C7FD8DC0011694A /* CircleGroupView.swift */; };
/* End PBXBuildFile section */

/* Begin PBXFileReference section */
		AE15B1AB2C7FC73F0011694A /* Restart App.app */ = {isa = PBXFileReference; explicitFileType = wrapper.application; includeInIndex = 0; path = "Restart App.app"; sourceTree = BUILT_PRODUCTS_DIR; };
		AE15B1AE2C7FC73F0011694A /* Restart_AppApp.swift */ = {isa = PBXFileReference; lastKnownFileType = sourcecode.swift; path = Restart_AppApp.swift; sourceTree = "<group>"; };
		AE15B1B02C7FC73F0011694A /* ContentView.swift */ = {isa = PBXFileReference; lastKnownFileType = sourcecode.swift; path = ContentView.swift; sourceTree = "<group>"; };
		AE15B1B22C7FC7400011694A /* Assets.xcassets */ = {isa = PBXFileReference; lastKnownFileType = folder.assetcatalog; path = Assets.xcassets; sourceTree = "<group>"; };
		AE15B1B52C7FC7400011694A /* Preview Assets.xcassets */ = {isa = PBXFileReference; lastKnownFileType = folder.assetcatalog; path = "Preview Assets.xcassets"; sourceTree = "<group>"; };
		AE15B1C62C7FC8860011694A /* chimeup.mp3 */ = {isa = PBXFileReference; lastKnownFileType = audio.mp3; path = chimeup.mp3; sourceTree = "<group>"; };
		AE15B1C72C7FC8860011694A /* success.m4a */ = {isa = PBXFileReference; lastKnownFileType = file; path = success.m4a; sourceTree = "<group>"; };
		AE15B1CD2C7FCAE50011694A /* Restart-App-Info.plist */ = {isa = PBXFileReference; lastKnownFileType = text.plist; path = "Restart-App-Info.plist"; sourceTree = SOURCE_ROOT; };
		AE15B1CE2C7FCB820011694A /* OnboardingView.swift */ = {isa = PBXFileReference; lastKnownFileType = sourcecode.swift; path = OnboardingView.swift; sourceTree = "<group>"; };
		AE15B1D02C7FCC3A0011694A /* HomeView.swift */ = {isa = PBXFileReference; lastKnownFileType = sourcecode.swift; path = HomeView.swift; sourceTree = "<group>"; };
		AE15B1D22C7FD8DC0011694A /* CircleGroupView.swift */ = {isa = PBXFileReference; lastKnownFileType = sourcecode.swift; path = CircleGroupView.swift; sourceTree = "<group>"; };
/* End PBXFileReference section */

/* Begin PBXFrameworksBuildPhase section */
		AE15B1A82C7FC73F0011694A /* Frameworks */ = {
			isa = PBXFrameworksBuildPhase;
			buildActionMask = 2147483647;
			files = (
			);
			runOnlyForDeploymentPostprocessing = 0;
		};
/* End PBXFrameworksBuildPhase section */

/* Begin PBXGroup section */
		AE15B1A22C7FC73F0011694A = {
			isa = PBXGroup;
			children = (
				AE15B1AD2C7FC73F0011694A /* Restart App */,
				AE15B1AC2C7FC73F0011694A /* Products */,
			);
			sourceTree = "<group>";
		};
		AE15B1AC2C7FC73F0011694A /* Products */ = {
			isa = PBXGroup;
			children = (
				AE15B1AB2C7FC73F0011694A /* Restart App.app */,
			);
			name = Products;
			sourceTree = "<group>";
		};
		AE15B1AD2C7FC73F0011694A /* Restart App */ = {
			isa = PBXGroup;
			children = (
				AE15B1CD2C7FCAE50011694A /* Restart-App-Info.plist */,
				AE15B1CC2C7FC9CF0011694A /* Utilities */,
				AE15B1CB2C7FC9BB0011694A /* Views */,
				AE15B1C52C7FC8860011694A /* Sounds */,
				AE15B1AE2C7FC73F0011694A /* Restart_AppApp.swift */,
				AE15B1CA2C7FC9AB0011694A /* Screens */,
				AE15B1B22C7FC7400011694A /* Assets.xcassets */,
				AE15B1B42C7FC7400011694A /* Preview Content */,
			);
			path = "Restart App";
			sourceTree = "<group>";
		};
		AE15B1B42C7FC7400011694A /* Preview Content */ = {
			isa = PBXGroup;
			children = (
				AE15B1B52C7FC7400011694A /* Preview Assets.xcassets */,
			);
			path = "Preview Content";
			sourceTree = "<group>";
		};
		AE15B1C52C7FC8860011694A /* Sounds */ = {
			isa = PBXGroup;
			children = (
				AE15B1C62C7FC8860011694A /* chimeup.mp3 */,
				AE15B1C72C7FC8860011694A /* success.m4a */,
			);
			path = Sounds;
			sourceTree = "<group>";
		};
		AE15B1CA2C7FC9AB0011694A /* Screens */ = {
			isa = PBXGroup;
			children = (
				AE15B1B02C7FC73F0011694A /* ContentView.swift */,
				AE15B1CE2C7FCB820011694A /* OnboardingView.swift */,
				AE15B1D02C7FCC3A0011694A /* HomeView.swift */,
			);
			path = Screens;
			sourceTree = "<group>";
		};
		AE15B1CB2C7FC9BB0011694A /* Views */ = {
			isa = PBXGroup;
			children = (
				AE15B1D22C7FD8DC0011694A /* CircleGroupView.swift */,
			);
			path = Views;
			sourceTree = "<group>";
		};
		AE15B1CC2C7FC9CF0011694A /* Utilities */ = {
			isa = PBXGroup;
			children = (
			);
			path = Utilities;
			sourceTree = "<group>";
		};
/* End PBXGroup section */

/* Begin PBXNativeTarget section */
		AE15B1AA2C7FC73F0011694A /* Restart App */ = {
			isa = PBXNativeTarget;
			buildConfigurationList = AE15B1B92C7FC7400011694A /* Build configuration list for PBXNativeTarget "Restart App" */;
			buildPhases = (
				AE15B1A72C7FC73F0011694A /* Sources */,
				AE15B1A82C7FC73F0011694A /* Frameworks */,
				AE15B1A92C7FC73F0011694A /* Resources */,
			);
			buildRules = (
			);
			dependencies = (
			);
			name = "Restart App";
			productName = "Restart App";
			productReference = AE15B1AB2C7FC73F0011694A /* Restart App.app */;
			productType = "com.apple.product-type.application";
		};
/* End PBXNativeTarget section */

/* Begin PBXProject section */
		AE15B1A32C7FC73F0011694A /* Project object */ = {
			isa = PBXProject;
			attributes = {
				BuildIndependentTargetsInParallel = 1;
				LastSwiftUpdateCheck = 1540;
				LastUpgradeCheck = 1540;
				TargetAttributes = {
					AE15B1AA2C7FC73F0011694A = {
						CreatedOnToolsVersion = 15.4;
					};
				};
			};
			buildConfigurationList = AE15B1A62C7FC73F0011694A /* Build configuration list for PBXProject "Restart App" */;
			compatibilityVersion = "Xcode 14.0";
			developmentRegion = en;
			hasScannedForEncodings = 0;
			knownRegions = (
				en,
				Base,
			);
			mainGroup = AE15B1A22C7FC73F0011694A;
			productRefGroup = AE15B1AC2C7FC73F0011694A /* Products */;
			projectDirPath = "";
			projectRoot = "";
			targets = (
				AE15B1AA2C7FC73F0011694A /* Restart App */,
			);
		};
/* End PBXProject section */

/* Begin PBXResourcesBuildPhase section */
		AE15B1A92C7FC73F0011694A /* Resources */ = {
			isa = PBXResourcesBuildPhase;
			buildActionMask = 2147483647;
			files = (
				AE15B1B62C7FC7400011694A /* Preview Assets.xcassets in Resources */,
				AE15B1C82C7FC8A30011694A /* chimeup.mp3 in Resources */,
				AE15B1C92C7FC8A30011694A /* success.m4a in Resources */,
				AE15B1B32C7FC7400011694A /* Assets.xcassets in Resources */,
			);
			runOnlyForDeploymentPostprocessing = 0;
		};
/* End PBXResourcesBuildPhase section */

/* Begin PBXSourcesBuildPhase section */
		AE15B1A72C7FC73F0011694A /* Sources */ = {
			isa = PBXSourcesBuildPhase;
			buildActionMask = 2147483647;
			files = (
				AE15B1D32C7FD8DC0011694A /* CircleGroupView.swift in Sources */,
				AE15B1CF2C7FCB820011694A /* OnboardingView.swift in Sources */,
				AE15B1D12C7FCC3A0011694A /* HomeView.swift in Sources */,
				AE15B1B12C7FC73F0011694A /* ContentView.swift in Sources */,
				AE15B1AF2C7FC73F0011694A /* Restart_AppApp.swift in Sources */,
			);
			runOnlyForDeploymentPostprocessing = 0;
		};
/* End PBXSourcesBuildPhase section */

/* Begin XCBuildConfiguration section */
		AE15B1B72C7FC7400011694A /* Debug */ = {
			isa = XCBuildConfiguration;
			buildSettings = {
				ALWAYS_SEARCH_USER_PATHS = NO;
				ASSETCATALOG_COMPILER_GENERATE_SWIFT_ASSET_SYMBOL_EXTENSIONS = YES;
				CLANG_ANALYZER_NONNULL = YES;
				CLANG_ANALYZER_NUMBER_OBJECT_CONVERSION = YES_AGGRESSIVE;
				CLANG_CXX_LANGUAGE_STANDARD = "gnu++20";
				CLANG_ENABLE_MODULES = YES;
				CLANG_ENABLE_OBJC_ARC = YES;
				CLANG_ENABLE_OBJC_WEAK = YES;
				CLANG_WARN_BLOCK_CAPTURE_AUTORELEASING = YES;
				CLANG_WARN_BOOL_CONVERSION = YES;
				CLANG_WARN_COMMA = YES;
				CLANG_WARN_CONSTANT_CONVERSION = YES;
				CLANG_WARN_DEPRECATED_OBJC_IMPLEMENTATIONS = YES;
				CLANG_WARN_DIRECT_OBJC_ISA_USAGE = YES_ERROR;
				CLANG_WARN_DOCUMENTATION_COMMENTS = YES;
				CLANG_WARN_EMPTY_BODY = YES;
				CLANG_WARN_ENUM_CONVERSION = YES;
				CLANG_WARN_INFINITE_RECURSION = YES;
				CLANG_WARN_INT_CONVERSION = YES;
				CLANG_WARN_NON_LITERAL_NULL_CONVERSION = YES;
				CLANG_WARN_OBJC_IMPLICIT_RETAIN_SELF = YES;
				CLANG_WARN_OBJC_LITERAL_CONVERSION = YES;
				CLANG_WARN_OBJC_ROOT_CLASS = YES_ERROR;
				CLANG_WARN_QUOTED_INCLUDE_IN_FRAMEWORK_HEADER = YES;
				CLANG_WARN_RANGE_LOOP_ANALYSIS = YES;
				CLANG_WARN_STRICT_PROTOTYPES = YES;
				CLANG_WARN_SUSPICIOUS_MOVE = YES;
				CLANG_WARN_UNGUARDED_AVAILABILITY = YES_AGGRESSIVE;
				CLANG_WARN_UNREACHABLE_CODE = YES;
				CLANG_WARN__DUPLICATE_METHOD_MATCH = YES;
				COPY_PHASE_STRIP = NO;
				DEBUG_INFORMATION_FORMAT = dwarf;
				ENABLE_STRICT_OBJC_MSGSEND = YES;
				ENABLE_TESTABILITY = YES;
				ENABLE_USER_SCRIPT_SANDBOXING = YES;
				GCC_C_LANGUAGE_STANDARD = gnu17;
				GCC_DYNAMIC_NO_PIC = NO;
				GCC_NO_COMMON_BLOCKS = YES;
				GCC_OPTIMIZATION_LEVEL = 0;
				GCC_PREPROCESSOR_DEFINITIONS = (
					"DEBUG=1",
					"$(inherited)",
				);
				GCC_WARN_64_TO_32_BIT_CONVERSION = YES;
				GCC_WARN_ABOUT_RETURN_TYPE = YES_ERROR;
				GCC_WARN_UNDECLARED_SELECTOR = YES;
				GCC_WARN_UNINITIALIZED_AUTOS = YES_AGGRESSIVE;
				GCC_WARN_UNUSED_FUNCTION = YES;
				GCC_WARN_UNUSED_VARIABLE = YES;
				IPHONEOS_DEPLOYMENT_TARGET = 17.5;
				LOCALIZATION_PREFERS_STRING_CATALOGS = YES;
				MTL_ENABLE_DEBUG_INFO = INCLUDE_SOURCE;
				MTL_FAST_MATH = YES;
				ONLY_ACTIVE_ARCH = YES;
				SDKROOT = iphoneos;
				SWIFT_ACTIVE_COMPILATION_CONDITIONS = "DEBUG $(inherited)";
				SWIFT_OPTIMIZATION_LEVEL = "-Onone";
			};
			name = Debug;
		};
		AE15B1B82C7FC7400011694A /* Release */ = {
			isa = XCBuildConfiguration;
			buildSettings = {
				ALWAYS_SEARCH_USER_PATHS = NO;
				ASSETCATALOG_COMPILER_GENERATE_SWIFT_ASSET_SYMBOL_EXTENSIONS = YES;
				CLANG_ANALYZER_NONNULL = YES;
				CLANG_ANALYZER_NUMBER_OBJECT_CONVERSION = YES_AGGRESSIVE;
				CLANG_CXX_LANGUAGE_STANDARD = "gnu++20";
				CLANG_ENABLE_MODULES = YES;
				CLANG_ENABLE_OBJC_ARC = YES;
				CLANG_ENABLE_OBJC_WEAK = YES;
				CLANG_WARN_BLOCK_CAPTURE_AUTORELEASING = YES;
				CLANG_WARN_BOOL_CONVERSION = YES;
				CLANG_WARN_COMMA = YES;
				CLANG_WARN_CONSTANT_CONVERSION = YES;
				CLANG_WARN_DEPRECATED_OBJC_IMPLEMENTATIONS = YES;
				CLANG_WARN_DIRECT_OBJC_ISA_USAGE = YES_ERROR;
				CLANG_WARN_DOCUMENTATION_COMMENTS = YES;
				CLANG_WARN_EMPTY_BODY = YES;
				CLANG_WARN_ENUM_CONVERSION = YES;
				CLANG_WARN_INFINITE_RECURSION = YES;
				CLANG_WARN_INT_CONVERSION = YES;
				CLANG_WARN_NON_LITERAL_NULL_CONVERSION = YES;
				CLANG_WARN_OBJC_IMPLICIT_RETAIN_SELF = YES;
				CLANG_WARN_OBJC_LITERAL_CONVERSION = YES;
				CLANG_WARN_OBJC_ROOT_CLASS = YES_ERROR;
				CLANG_WARN_QUOTED_INCLUDE_IN_FRAMEWORK_HEADER = YES;
				CLANG_WARN_RANGE_LOOP_ANALYSIS = YES;
				CLANG_WARN_STRICT_PROTOTYPES = YES;
				CLANG_WARN_SUSPICIOUS_MOVE = YES;
				CLANG_WARN_UNGUARDED_AVAILABILITY = YES_AGGRESSIVE;
				CLANG_WARN_UNREACHABLE_CODE = YES;
				CLANG_WARN__DUPLICATE_METHOD_MATCH = YES;
				COPY_PHASE_STRIP = NO;
				DEBUG_INFORMATION_FORMAT = "dwarf-with-dsym";
				ENABLE_NS_ASSERTIONS = NO;
				ENABLE_STRICT_OBJC_MSGSEND = YES;
				ENABLE_USER_SCRIPT_SANDBOXING = YES;
				GCC_C_LANGUAGE_STANDARD = gnu17;
				GCC_NO_COMMON_BLOCKS = YES;
				GCC_WARN_64_TO_32_BIT_CONVERSION = YES;
				GCC_WARN_ABOUT_RETURN_TYPE = YES_ERROR;
				GCC_WARN_UNDECLARED_SELECTOR = YES;
				GCC_WARN_UNINITIALIZED_AUTOS = YES_AGGRESSIVE;
				GCC_WARN_UNUSED_FUNCTION = YES;
				GCC_WARN_UNUSED_VARIABLE = YES;
				IPHONEOS_DEPLOYMENT_TARGET = 17.5;
				LOCALIZATION_PREFERS_STRING_CATALOGS = YES;
				MTL_ENABLE_DEBUG_INFO = NO;
				MTL_FAST_MATH = YES;
				SDKROOT = iphoneos;
				SWIFT_COMPILATION_MODE = wholemodule;
				VALIDATE_PRODUCT = YES;
			};
			name = Release;
		};
		AE15B1BA2C7FC7400011694A /* Debug */ = {
			isa = XCBuildConfiguration;
			buildSettings = {
				ASSETCATALOG_COMPILER_APPICON_NAME = AppIcon;
				ASSETCATALOG_COMPILER_GLOBAL_ACCENT_COLOR_NAME = AccentColor;
				CODE_SIGN_STYLE = Automatic;
				CURRENT_PROJECT_VERSION = 1;
				DEVELOPMENT_ASSET_PATHS = "\"Restart App/Preview Content\"";
				ENABLE_PREVIEWS = YES;
				GENERATE_INFOPLIST_FILE = YES;
				INFOPLIST_FILE = "Restart-App-Info.plist";
				INFOPLIST_KEY_UIApplicationSceneManifest_Generation = YES;
				INFOPLIST_KEY_UIApplicationSupportsIndirectInputEvents = YES;
				INFOPLIST_KEY_UISupportedInterfaceOrientations = UIInterfaceOrientationPortrait;
				LD_RUNPATH_SEARCH_PATHS = (
					"$(inherited)",
					"@executable_path/Frameworks",
				);
				MARKETING_VERSION = 1.0;
				PRODUCT_BUNDLE_IDENTIFIER = "com.myorganization.Restart-App";
				PRODUCT_NAME = "$(TARGET_NAME)";
				SWIFT_EMIT_LOC_STRINGS = YES;
				SWIFT_VERSION = 5.0;
				TARGETED_DEVICE_FAMILY = "1,2";
			};
			name = Debug;
		};
		AE15B1BB2C7FC7400011694A /* Release */ = {
			isa = XCBuildConfiguration;
			buildSettings = {
				ASSETCATALOG_COMPILER_APPICON_NAME = AppIcon;
				ASSETCATALOG_COMPILER_GLOBAL_ACCENT_COLOR_NAME = AccentColor;
				CODE_SIGN_STYLE = Automatic;
				CURRENT_PROJECT_VERSION = 1;
				DEVELOPMENT_ASSET_PATHS = "\"Restart App/Preview Content\"";
				ENABLE_PREVIEWS = YES;
				GENERATE_INFOPLIST_FILE = YES;
				INFOPLIST_FILE = "Restart-App-Info.plist";
				INFOPLIST_KEY_UIApplicationSceneManifest_Generation = YES;
				INFOPLIST_KEY_UIApplicationSupportsIndirectInputEvents = YES;
				INFOPLIST_KEY_UISupportedInterfaceOrientations = UIInterfaceOrientationPortrait;
				LD_RUNPATH_SEARCH_PATHS = (
					"$(inherited)",
					"@executable_path/Frameworks",
				);
				MARKETING_VERSION = 1.0;
				PRODUCT_BUNDLE_IDENTIFIER = "com.myorganization.Restart-App";
				PRODUCT_NAME = "$(TARGET_NAME)";
				SWIFT_EMIT_LOC_STRINGS = YES;
				SWIFT_VERSION = 5.0;
				TARGETED_DEVICE_FAMILY = "1,2";
			};
			name = Release;
		};
/* End XCBuildConfiguration section */

/* Begin XCConfigurationList section */
		AE15B1A62C7FC73F0011694A /* Build configuration list for PBXProject "Restart App" */ = {
			isa = XCConfigurationList;
			buildConfigurations = (
				AE15B1B72C7FC7400011694A /* Debug */,
				AE15B1B82C7FC7400011694A /* Release */,
			);
			defaultConfigurationIsVisible = 0;
			defaultConfigurationName = Release;
		};
		AE15B1B92C7FC7400011694A /* Build configuration list for PBXNativeTarget "Restart App" */ = {
			isa = XCConfigurationList;
			buildConfigurations = (
				AE15B1BA2C7FC7400011694A /* Debug */,
				AE15B1BB2C7FC7400011694A /* Release */,
			);
			defaultConfigurationIsVisible = 0;
			defaultConfigurationName = Release;
		};
/* End XCConfigurationList section */
	};
	rootObject = AE15B1A32C7FC73F0011694A /* Project object */;
}
